{
  "name": "ln-spike",
  "version": "1.0.0",
  "lockfileVersion": 3,
  "requires": true,
  "packages": {
    "": {
      "name": "ln-spike",
      "version": "1.0.0",
      "license": "ISC",
      "dependencies": {
        "lightningdevkit": "^0.2.4-0",
        "lightningdevkit-node-net": "^0.2.4-0"
      }
    },
    "node_modules/lightningdevkit": {
      "version": "0.2.4-0",
      "resolved": "https://registry.npmjs.org/lightningdevkit/-/lightningdevkit-0.2.4-0.tgz",
      "integrity": "sha512-/t9lwHow5dJ3JH/t1SbpMDE39Faz1W4SlCrNCDy15j9u55vWz50Qjugxg6zZ9xQmFoHPSXFVVwH/Uh6e3SUdkQ==",
      "license": "MIT OR Apache-2.0"
    },
    "node_modules/lightningdevkit-node-net": {
      "version": "0.2.4-0",
      "resolved": "https://registry.npmjs.org/lightningdevkit-node-net/-/lightningdevkit-node-net-0.2.4-0.tgz",
      "integrity": "sha512-oxz573tfyTRVw7Qr8EXRXCgjHx+tyKWG0U8OMcWgHiestQvyayvWkp6WA28nnk2Kr7S2umz/nh0SwqPrccTPoQ==",
      "license": "MIT OR Apache-2.0",
      "dependencies": {
        "lightningdevkit": "0.2.4-0"
      }
    }
  }
}
